
Microsoft Visual Studio Solution File, Format Version 12.00
# Visual Studio Version 17
VisualStudioVersion = 17.14.36408.4
MinimumVisualStudioVersion = 10.0.40219.1
Project("{FAE04EC0-301F-11D3-BF4B-00C04F79EFBC}") = "ImageGen", "ImageGen\ImageGen.csproj", "{55A6CF30-795F-4CA0-B556-92677C753971}"
EndProject
Project("{FAE04EC0-301F-11D3-BF4B-00C04F79EFBC}") = "Vote", "Vote\Vote.csproj", "{989AF00F-F905-4A0F-954A-10BC9615A774}"
EndProject
Project("{FAE04EC0-301F-11D3-BF4B-00C04F79EFBC}") = "TestSendEmail", "TestSendEmail\TestSendEmail.csproj", "{DC81C0B8-619B-40BE-8737-418A9617F187}"
EndProject
Project("{888888A0-9F3D-457C-B088-3A5042F75D52}") = "TimeSeriesRacing", "TimeSeriesRacing\TimeSeriesRacing.pyproj", "{0BB40C5A-9C2F-41E9-AEF7-0EB45EBBC02C}"
EndProject
Project("{FAE04EC0-301F-11D3-BF4B-00C04F79EFBC}") = "MiscTools", "MiscTools\MiscTools.csproj", "{0494058C-7820-4B40-B406-9790E019769C}"
EndProject
Project("{FAE04EC0-301F-11D3-BF4B-00C04F79EFBC}") = "DataVisualization", "DataVisualization\DataVisualization.csproj", "{16B7FE42-A93B-49D3-8244-945FBFE4DBB4}"
EndProject
Global
	GlobalSection(SolutionConfigurationPlatforms) = preSolution
		Debug|Any CPU = Debug|Any CPU
		Release|Any CPU = Release|Any CPU
	EndGlobalSection
	GlobalSection(ProjectConfigurationPlatforms) = postSolution
		{55A6CF30-795F-4CA0-B556-92677C753971}.Debug|Any CPU.ActiveCfg = Debug|Any CPU
		{55A6CF30-795F-4CA0-B556-92677C753971}.Debug|Any CPU.Build.0 = Debug|Any CPU
		{55A6CF30-795F-4CA0-B556-92677C753971}.Release|Any CPU.ActiveCfg = Release|Any CPU
		{55A6CF30-795F-4CA0-B556-92677C753971}.Release|Any CPU.Build.0 = Release|Any CPU
		{989AF00F-F905-4A0F-954A-10BC9615A774}.Debug|Any CPU.ActiveCfg = Debug|Any CPU
		{989AF00F-F905-4A0F-954A-10BC9615A774}.Debug|Any CPU.Build.0 = Debug|Any CPU
		{989AF00F-F905-4A0F-954A-10BC9615A774}.Release|Any CPU.ActiveCfg = Release|Any CPU
		{989AF00F-F905-4A0F-954A-10BC9615A774}.Release|Any CPU.Build.0 = Release|Any CPU
		{DC81C0B8-619B-40BE-8737-418A9617F187}.Debug|Any CPU.ActiveCfg = Debug|Any CPU
		{DC81C0B8-619B-40BE-8737-418A9617F187}.Debug|Any CPU.Build.0 = Debug|Any CPU
		{DC81C0B8-619B-40BE-8737-418A9617F187}.Release|Any CPU.ActiveCfg = Release|Any CPU
		{DC81C0B8-619B-40BE-8737-418A9617F187}.Release|Any CPU.Build.0 = Release|Any CPU
		{0BB40C5A-9C2F-41E9-AEF7-0EB45EBBC02C}.Debug|Any CPU.ActiveCfg = Debug|Any CPU
		{0BB40C5A-9C2F-41E9-AEF7-0EB45EBBC02C}.Release|Any CPU.ActiveCfg = Release|Any CPU
		{0494058C-7820-4B40-B406-9790E019769C}.Debug|Any CPU.ActiveCfg = Debug|Any CPU
		{0494058C-7820-4B40-B406-9790E019769C}.Debug|Any CPU.Build.0 = Debug|Any CPU
		{0494058C-7820-4B40-B406-9790E019769C}.Release|Any CPU.ActiveCfg = Release|Any CPU
		{0494058C-7820-4B40-B406-9790E019769C}.Release|Any CPU.Build.0 = Release|Any CPU
		{16B7FE42-A93B-49D3-8244-945FBFE4DBB4}.Debug|Any CPU.ActiveCfg = Debug|Any CPU
		{16B7FE42-A93B-49D3-8244-945FBFE4DBB4}.Debug|Any CPU.Build.0 = Debug|Any CPU
		{16B7FE42-A93B-49D3-8244-945FBFE4DBB4}.Release|Any CPU.ActiveCfg = Release|Any CPU
		{16B7FE42-A93B-49D3-8244-945FBFE4DBB4}.Release|Any CPU.Build.0 = Release|Any CPU
	EndGlobalSection
	GlobalSection(SolutionProperties) = preSolution
		HideSolutionNode = FALSE
	EndGlobalSection
	GlobalSection(ExtensibilityGlobals) = postSolution
		SolutionGuid = {AC800533-88EC-4920-850D-077B0C6FE24B}
	EndGlobalSection
EndGlobal
